
Microsoft Visual Studio Solution File, Format Version 12.00
# Visual Studio Version 16
VisualStudioVersion = 16.0.29609.76
MinimumVisualStudioVersion = 10.0.40219.1
Project("{FAE04EC0-301F-11D3-BF4B-00C04F79EFBC}") = "CasbinACLvsRBAC", "CasbinACLvsRBAC\CasbinACLvsRBAC.csproj", "{C337DC36-7200-4426-BC51-E2A5E7175576}"
EndProject
Global
	GlobalSection(SolutionConfigurationPlatforms) = preSolution
		Debug|Any CPU = Debug|Any CPU
		Release|Any CPU = Release|Any CPU
	EndGlobalSection
	GlobalSection(ProjectConfigurationPlatforms) = postSolution
		{C337DC36-7200-4426-BC51-E2A5E7175576}.Debug|Any CPU.ActiveCfg = Debug|Any CPU
		{C337DC36-7200-4426-BC51-E2A5E7175576}.Debug|Any CPU.Build.0 = Debug|Any CPU
		{C337DC36-7200-4426-BC51-E2A5E7175576}.Release|Any CPU.ActiveCfg = Release|Any CPU
		{C337DC36-7200-4426-BC51-E2A5E7175576}.Release|Any CPU.Build.0 = Release|Any CPU
	EndGlobalSection
	GlobalSection(SolutionProperties) = preSolution
		HideSolutionNode = FALSE
	EndGlobalSection
	GlobalSection(ExtensibilityGlobals) = postSolution
		SolutionGuid = {9CBE6009-51B2-4DFA-84F1-CB6436458A9A}
	EndGlobalSection
EndGlobal
